Microsoft Visual Studio Solution File, Format Version 12.00
# Visual Studio Version 17
VisualStudioVersion = 17.5.2.0
MinimumVisualStudioVersion = 10.0.40219.1
Project("{FAE04EC0-301F-11D3-BF4B-00C04F79EFBC}") = "-To_do_list-", "-To_do_list-.csproj", "{05F1DBD6-BBBD-B05E-0E8D-7D687FE54B78}"
EndProject
Global
	GlobalSection(SolutionConfigurationPlatforms) = preSolution
		Debug|Any CPU = Debug|Any CPU
		Release|Any CPU = Release|Any CPU
	EndGlobalSection
	GlobalSection(ProjectConfigurationPlatforms) = postSolution
		{05F1DBD6-BBBD-B05E-0E8D-7D687FE54B78}.Debug|Any CPU.ActiveCfg = Debug|Any CPU
		{05F1DBD6-BBBD-B05E-0E8D-7D687FE54B78}.Debug|Any CPU.Build.0 = Debug|Any CPU
		{05F1DBD6-BBBD-B05E-0E8D-7D687FE54B78}.Release|Any CPU.ActiveCfg = Release|Any CPU
		{05F1DBD6-BBBD-B05E-0E8D-7D687FE54B78}.Release|Any CPU.Build.0 = Release|Any CPU
	EndGlobalSection
	GlobalSection(SolutionProperties) = preSolution
		HideSolutionNode = FALSE
	EndGlobalSection
	GlobalSection(ExtensibilityGlobals) = postSolution
		SolutionGuid = {4A359C58-66EF-4D53-A87F-08CD5D8CB9E3}
	EndGlobalSection
EndGlobal
